
Microsoft Visual Studio Solution File, Format Version 12.00
# Visual Studio Version 16
VisualStudioVersion = 16.0.30011.22
MinimumVisualStudioVersion = 10.0.40219.1
Project("{FAE04EC0-301F-11D3-BF4B-00C04F79EFBC}") = "ReadFile.Mix.Sort", "ReadFile.Mix.Sort\ReadFile.Mix.Sort.csproj", "{590E17E3-C3E8-4CD9-B216-A75E91261D26}"
EndProject
Global
	GlobalSection(SolutionConfigurationPlatforms) = preSolution
		Debug|Any CPU = Debug|Any CPU
		Release|Any CPU = Release|Any CPU
	EndGlobalSection
	GlobalSection(ProjectConfigurationPlatforms) = postSolution
		{590E17E3-C3E8-4CD9-B216-A75E91261D26}.Debug|Any CPU.ActiveCfg = Debug|Any CPU
		{590E17E3-C3E8-4CD9-B216-A75E91261D26}.Debug|Any CPU.Build.0 = Debug|Any CPU
		{590E17E3-C3E8-4CD9-B216-A75E91261D26}.Release|Any CPU.ActiveCfg = Release|Any CPU
		{590E17E3-C3E8-4CD9-B216-A75E91261D26}.Release|Any CPU.Build.0 = Release|Any CPU
	EndGlobalSection
	GlobalSection(SolutionProperties) = preSolution
		HideSolutionNode = FALSE
	EndGlobalSection
	GlobalSection(ExtensibilityGlobals) = postSolution
		SolutionGuid = {9988D364-B42D-4BEE-B6EF-84571BA3ECAC}
	EndGlobalSection
EndGlobal
